{
    "_readme": [
        "This file locks the dependencies of your project to a known state",
        "Read more about it at http://getcomposer.org/doc/01-basic-usage.md#composer-lock-the-lock-file",
        "This file is @generated automatically"
    ],
    "hash": "b5ad4ecb5b3846bb84f7d9a8ad748b9a",
    "packages": [
        {
            "name": "rosengate/exedra",
            "version": "dev-master",
            "source": {
                "type": "git",
                "url": "https://github.com/Rosengate/exedra.git",
                "reference": "268585731d54b21663cb7fa7f5e4570caee2b70f"
            },
            "dist": {
                "type": "zip",
                "url": "https://api.github.com/repos/Rosengate/exedra/zipball/268585731d54b21663cb7fa7f5e4570caee2b70f",
                "reference": "268585731d54b21663cb7fa7f5e4570caee2b70f",
                "shasum": ""
            },
            "type": "library",
            "autoload": {
                "psr-0": {
                    "Exedra\\": ""
                }
            },
            "notification-url": "https://packagist.org/downloads/",
            "license": [
                "MIT"
            ],
            "authors": [
                {
                    "name": "Ahmad Rahimie Ahmad Zailani",
                    "email": "newrehmi@gmail.com",
                    "role": "lead"
                }
            ],
            "description": "Nestful route oriented PHP micro framework",
            "homepage": "http://github.com/rosengate/exedra",
            "keywords": [
                "exedra",
                "framework",
                "microframework",
                "php",
                "rosengate",
                "route",
                "router"
            ],
            "time": "2015-11-17 16:08:50"
        }
    ],
    "packages-dev": [],
    "aliases": [],
    "minimum-stability": "stable",
    "stability-flags": {
        "rosengate/exedra": 20
    },
    "prefer-stable": false,
    "prefer-lowest": false,
    "platform": [],
    "platform-dev": []
}
